
Microsoft Visual Studio Solution File, Format Version 12.00
# Visual Studio Version 17
VisualStudioVersion = 17.9.34701.34
MinimumVisualStudioVersion = 10.0.40219.1
Project("{FAE04EC0-301F-11D3-BF4B-00C04F79EFBC}") = "ReactAppPizza.Server", "ReactAppPizza.Server\ReactAppPizza.Server.csproj", "{3A49FA26-657E-4873-9AB2-22816BE022A1}"
EndProject
Project("{54A90642-561A-4BB1-A94E-469ADEE60C69}") = "reactapppizza.client", "reactapppizza.client\reactapppizza.client.esproj", "{88D2AF40-C40F-479D-8AC1-60093C5B3139}"
EndProject
Global
	GlobalSection(SolutionConfigurationPlatforms) = preSolution
		Debug|Any CPU = Debug|Any CPU
		Release|Any CPU = Release|Any CPU
	EndGlobalSection
	GlobalSection(ProjectConfigurationPlatforms) = postSolution
		{3A49FA26-657E-4873-9AB2-22816BE022A1}.Debug|Any CPU.ActiveCfg = Debug|Any CPU
		{3A49FA26-657E-4873-9AB2-22816BE022A1}.Debug|Any CPU.Build.0 = Debug|Any CPU
		{3A49FA26-657E-4873-9AB2-22816BE022A1}.Release|Any CPU.ActiveCfg = Release|Any CPU
		{3A49FA26-657E-4873-9AB2-22816BE022A1}.Release|Any CPU.Build.0 = Release|Any CPU
		{88D2AF40-C40F-479D-8AC1-60093C5B3139}.Debug|Any CPU.ActiveCfg = Debug|Any CPU
		{88D2AF40-C40F-479D-8AC1-60093C5B3139}.Debug|Any CPU.Build.0 = Debug|Any CPU
		{88D2AF40-C40F-479D-8AC1-60093C5B3139}.Debug|Any CPU.Deploy.0 = Debug|Any CPU
		{88D2AF40-C40F-479D-8AC1-60093C5B3139}.Release|Any CPU.ActiveCfg = Release|Any CPU
		{88D2AF40-C40F-479D-8AC1-60093C5B3139}.Release|Any CPU.Build.0 = Release|Any CPU
		{88D2AF40-C40F-479D-8AC1-60093C5B3139}.Release|Any CPU.Deploy.0 = Release|Any CPU
	EndGlobalSection
	GlobalSection(SolutionProperties) = preSolution
		HideSolutionNode = FALSE
	EndGlobalSection
	GlobalSection(ExtensibilityGlobals) = postSolution
		SolutionGuid = {5B86DA6D-98D6-40AC-B1B0-C89436D005FD}
	EndGlobalSection
EndGlobal
